# THIS IS AN AUTOGENERATED FILE. DO NOT EDIT THIS FILE DIRECTLY.
# yarn lockfile v1


"@fast-csv/format@5.0.5":
  version "5.0.5"
  resolved "https://registry.npmjs.org/@fast-csv/format/-/format-5.0.5.tgz"
  integrity sha512-0P9SJXXnqKdmuWlLaTelqbrfdgN37Mvrb369J6eNmqL41IEIZQmV4sNM4GgAK2Dz3aH04J0HKGDMJFkYObThTw==
  dependencies:
    lodash.escaperegexp "^4.1.2"
    lodash.isboolean "^3.0.3"
    lodash.isfunction "^3.0.9"
    lodash.isnil "^4.0.0"

"@fast-csv/parse@5.0.5":
  version "5.0.5"
  resolved "https://registry.npmjs.org/@fast-csv/parse/-/parse-5.0.5.tgz"
  integrity sha512-M0IbaXZDbxfOnpVE5Kps/a6FGlILLhtLsvWd9qNH3d2TxNnpbNkFf3KD26OmJX6MHq7PdQAl5htStDwnuwHx6w==
  dependencies:
    lodash.escaperegexp "^4.1.2"
    lodash.groupby "^4.6.0"
    lodash.isfunction "^3.0.9"
    lodash.isnil "^4.0.0"
    lodash.isundefined "^3.0.1"
    lodash.uniq "^4.5.0"

"@types/lodash@^4.17.20":
  version "4.17.20"
  resolved "https://registry.npmjs.org/@types/lodash/-/lodash-4.17.20.tgz"
  integrity sha512-H3MHACvFUEiujabxhaI/ImO6gUrd8oOurg7LQtS7mbwIXA/cUqWrvBsaeJ23aZEPk1TAYkurjfMbSELfoCXlGA==

"@types/node@^24.2.0":
  version "24.2.0"
  resolved "https://registry.npmjs.org/@types/node/-/node-24.2.0.tgz"
  integrity sha512-3xyG3pMCq3oYCNg7/ZP+E1ooTaGB4cG8JWRsqqOYQdbWNY4zbaV0Ennrd7stjiJEFZCaybcIgpTjJWHRfBSIDw==
  dependencies:
    undici-types "~7.10.0"

crypto@^1.0.1:
  version "1.0.1"
  resolved "https://registry.npmjs.org/crypto/-/crypto-1.0.1.tgz"
  integrity sha512-VxBKmeNcqQdiUQUW2Tzq0t377b54N2bMtXO/qiLa+6eRRmmC4qT3D4OnTGoT/U6O9aklQ/jTwbOtRMTTY8G0Ig==

fast-csv@^5.0.5:
  version "5.0.5"
  resolved "https://registry.npmjs.org/fast-csv/-/fast-csv-5.0.5.tgz"
  integrity sha512-9//QpogDIPln5Dc8e3Q3vbSSLXlTeU7z1JqsUOXZYOln8EIn/OOO8+NS2c3ukR6oYngDd3+P1HXSkby3kNV9KA==
  dependencies:
    "@fast-csv/format" "5.0.5"
    "@fast-csv/parse" "5.0.5"

lodash.escaperegexp@^4.1.2:
  version "4.1.2"
  resolved "https://registry.npmjs.org/lodash.escaperegexp/-/lodash.escaperegexp-4.1.2.tgz"
  integrity sha512-TM9YBvyC84ZxE3rgfefxUWiQKLilstD6k7PTGt6wfbtXF8ixIJLOL3VYyV/z+ZiPLsVxAsKAFVwWlWeb2Y8Yyw==

lodash.groupby@^4.6.0:
  version "4.6.0"
  resolved "https://registry.npmjs.org/lodash.groupby/-/lodash.groupby-4.6.0.tgz"
  integrity sha512-5dcWxm23+VAoz+awKmBaiBvzox8+RqMgFhi7UvX9DHZr2HdxHXM/Wrf8cfKpsW37RNrvtPn6hSwNqurSILbmJw==

lodash.isboolean@^3.0.3:
  version "3.0.3"
  resolved "https://registry.npmjs.org/lodash.isboolean/-/lodash.isboolean-3.0.3.tgz"
  integrity sha512-Bz5mupy2SVbPHURB98VAcw+aHh4vRV5IPNhILUCsOzRmsTmSQ17jIuqopAentWoehktxGd9e/hbIXq980/1QJg==

lodash.isfunction@^3.0.9:
  version "3.0.9"
  resolved "https://registry.npmjs.org/lodash.isfunction/-/lodash.isfunction-3.0.9.tgz"
  integrity sha512-AirXNj15uRIMMPihnkInB4i3NHeb4iBtNg9WRWuK2o31S+ePwwNmDPaTL3o7dTJ+VXNZim7rFs4rxN4YU1oUJw==

lodash.isnil@^4.0.0:
  version "4.0.0"
  resolved "https://registry.npmjs.org/lodash.isnil/-/lodash.isnil-4.0.0.tgz"
  integrity sha512-up2Mzq3545mwVnMhTDMdfoG1OurpA/s5t88JmQX809eH3C8491iu2sfKhTfhQtKY78oPNhiaHJUpT/dUDAAtng==

lodash.isundefined@^3.0.1:
  version "3.0.1"
  resolved "https://registry.npmjs.org/lodash.isundefined/-/lodash.isundefined-3.0.1.tgz"
  integrity sha512-MXB1is3s899/cD8jheYYE2V9qTHwKvt+npCwpD+1Sxm3Q3cECXCiYHjeHWXNwr6Q0SOBPrYUDxendrO6goVTEA==

lodash.uniq@^4.5.0:
  version "4.5.0"
  resolved "https://registry.npmjs.org/lodash.uniq/-/lodash.uniq-4.5.0.tgz"
  integrity sha512-xfBaXQd9ryd9dlSDvnvI0lvxfLJlYAZzXomUYzLKtUeOQvOP5piqAWuGtrhWeqaXK9hhoM/iyJc5AV+XfsX3HQ==

lodash@^4.17.21:
  version "4.17.21"
  resolved "https://registry.npmjs.org/lodash/-/lodash-4.17.21.tgz"
  integrity sha512-v2kDEe57lecTulaDIuNTPy3Ry4gLGJ6Z1O3vE1krgXZNrsQ+LFTGHVxVjcXPs17LhbZVGedAJv8XZ1tvj5FvSg==

"tiny-persist@file:../../../../.nvm/versions/node/v18.19.1/lib/node_modules/tiny-persist":
  version "1.0.03.03"
  resolved "file:../../../../.nvm/versions/node/v18.19.1/lib/node_modules/tiny-persist"
  dependencies:
    "@types/lodash" "^4.17.20"
    "@types/node" "^24.2.0"
    crypto "^1.0.1"
    fast-csv "^5.0.5"
    lodash "^4.17.21"
    typescript "^5.9.2"

typescript@^5.9.2:
  version "5.9.2"
  resolved "https://registry.npmjs.org/typescript/-/typescript-5.9.2.tgz"
  integrity sha512-CWBzXQrc/qOkhidw1OzBTQuYRbfyxDXJMVJ1XNwUHGROVmuaeiEm3OslpZ1RV96d7SKKjZKrSJu3+t/xlw3R9A==

undici-types@~7.10.0:
  version "7.10.0"
  resolved "https://registry.npmjs.org/undici-types/-/undici-types-7.10.0.tgz"
  integrity sha512-t5Fy/nfn+14LuOc2KNYg75vZqClpAiqscVvMygNnlsHBFpSXdJaYtXMcdNLpl/Qvc3P2cB3s6lOV51nqsFq4ag==
